
Microsoft Visual Studio Solution File, Format Version 12.00
# Visual Studio Version 16
VisualStudioVersion = 16.0.31424.327
MinimumVisualStudioVersion = 10.0.40219.1
Project("{FAE04EC0-301F-11D3-BF4B-00C04F79EFBC}") = "vardecapp", "vardecapp.csproj", "{F134A955-D518-4709-B298-C15918724143}"
EndProject
Global
	GlobalSection(SolutionConfigurationPlatforms) = preSolution
		Debug|Any CPU = Debug|Any CPU
		Release|Any CPU = Release|Any CPU
	EndGlobalSection
	GlobalSection(ProjectConfigurationPlatforms) = postSolution
		{F134A955-D518-4709-B298-C15918724143}.Debug|Any CPU.ActiveCfg = Debug|Any CPU
		{F134A955-D518-4709-B298-C15918724143}.Debug|Any CPU.Build.0 = Debug|Any CPU
		{F134A955-D518-4709-B298-C15918724143}.Release|Any CPU.ActiveCfg = Release|Any CPU
		{F134A955-D518-4709-B298-C15918724143}.Release|Any CPU.Build.0 = Release|Any CPU
	EndGlobalSection
	GlobalSection(SolutionProperties) = preSolution
		HideSolutionNode = FALSE
	EndGlobalSection
	GlobalSection(ExtensibilityGlobals) = postSolution
		SolutionGuid = {3EF7FA05-1B33-4AC7-9387-38A4B7AB43C1}
	EndGlobalSection
EndGlobal
